
Microsoft Visual Studio Solution File, Format Version 12.00
# Visual Studio Version 16
VisualStudioVersion = 16.0.30804.86
MinimumVisualStudioVersion = 10.0.40219.1
Project("{FAE04EC0-301F-11D3-BF4B-00C04F79EFBC}") = "Module_11", "Module_11\Module_11.csproj", "{BF400CE2-5959-476B-B7AD-5B65512FA794}"
EndProject
Global
	GlobalSection(SolutionConfigurationPlatforms) = preSolution
		Debug|Any CPU = Debug|Any CPU
		Release|Any CPU = Release|Any CPU
	EndGlobalSection
	GlobalSection(ProjectConfigurationPlatforms) = postSolution
		{BF400CE2-5959-476B-B7AD-5B65512FA794}.Debug|Any CPU.ActiveCfg = Debug|Any CPU
		{BF400CE2-5959-476B-B7AD-5B65512FA794}.Debug|Any CPU.Build.0 = Debug|Any CPU
		{BF400CE2-5959-476B-B7AD-5B65512FA794}.Release|Any CPU.ActiveCfg = Release|Any CPU
		{BF400CE2-5959-476B-B7AD-5B65512FA794}.Release|Any CPU.Build.0 = Release|Any CPU
	EndGlobalSection
	GlobalSection(SolutionProperties) = preSolution
		HideSolutionNode = FALSE
	EndGlobalSection
	GlobalSection(ExtensibilityGlobals) = postSolution
		SolutionGuid = {AA87D223-AAEC-4550-BB9A-7413AD0B5FD0}
	EndGlobalSection
EndGlobal
